
Microsoft Visual Studio Solution File, Format Version 12.00
# Visual Studio Version 17
VisualStudioVersion = 17.11.35312.102
MinimumVisualStudioVersion = 10.0.40219.1
Project("{FAE04EC0-301F-11D3-BF4B-00C04F79EFBC}") = "25.11ClassTask", "25.11ClassTask\25.11ClassTask.csproj", "{71AEBA8B-B123-43D9-83BF-068EEF40C2D5}"
EndProject
Global
	GlobalSection(SolutionConfigurationPlatforms) = preSolution
		Debug|Any CPU = Debug|Any CPU
		Release|Any CPU = Release|Any CPU
	EndGlobalSection
	GlobalSection(ProjectConfigurationPlatforms) = postSolution
		{71AEBA8B-B123-43D9-83BF-068EEF40C2D5}.Debug|Any CPU.ActiveCfg = Debug|Any CPU
		{71AEBA8B-B123-43D9-83BF-068EEF40C2D5}.Debug|Any CPU.Build.0 = Debug|Any CPU
		{71AEBA8B-B123-43D9-83BF-068EEF40C2D5}.Release|Any CPU.ActiveCfg = Release|Any CPU
		{71AEBA8B-B123-43D9-83BF-068EEF40C2D5}.Release|Any CPU.Build.0 = Release|Any CPU
	EndGlobalSection
	GlobalSection(SolutionProperties) = preSolution
		HideSolutionNode = FALSE
	EndGlobalSection
	GlobalSection(ExtensibilityGlobals) = postSolution
		SolutionGuid = {C0D892D6-C98A-4447-A775-619FC6BD0D4A}
	EndGlobalSection
EndGlobal
